
Microsoft Visual Studio Solution File, Format Version 12.00
# Visual Studio Version 16
VisualStudioVersion = 16.0.29201.188
MinimumVisualStudioVersion = 10.0.40219.1
Project("{8BC9CEB8-8B4A-11D0-8D11-00A0C91BC942}") = "1 - Hello World", "1 - Hello World\1 - Hello World.vcxproj", "{600AE8BD-1971-4D5B-AF25-86E6C266B065}"
EndProject
Global
	GlobalSection(SolutionConfigurationPlatforms) = preSolution
		Debug|ARM = Debug|ARM
		Debug|ARM64 = Debug|ARM64
		Debug|x64 = Debug|x64
		Debug|x86 = Debug|x86
		Release|ARM = Release|ARM
		Release|ARM64 = Release|ARM64
		Release|x64 = Release|x64
		Release|x86 = Release|x86
	EndGlobalSection
	GlobalSection(ProjectConfigurationPlatforms) = postSolution
		{600AE8BD-1971-4D5B-AF25-86E6C266B065}.Debug|ARM.ActiveCfg = Debug|ARM
		{600AE8BD-1971-4D5B-AF25-86E6C266B065}.Debug|ARM.Build.0 = Debug|ARM
		{600AE8BD-1971-4D5B-AF25-86E6C266B065}.Debug|ARM.Deploy.0 = Debug|ARM
		{600AE8BD-1971-4D5B-AF25-86E6C266B065}.Debug|ARM64.ActiveCfg = Debug|ARM64
		{600AE8BD-1971-4D5B-AF25-86E6C266B065}.Debug|ARM64.Build.0 = Debug|ARM64
		{600AE8BD-1971-4D5B-AF25-86E6C266B065}.Debug|ARM64.Deploy.0 = Debug|ARM64
		{600AE8BD-1971-4D5B-AF25-86E6C266B065}.Debug|x64.ActiveCfg = Debug|x64
		{600AE8BD-1971-4D5B-AF25-86E6C266B065}.Debug|x64.Build.0 = Debug|x64
		{600AE8BD-1971-4D5B-AF25-86E6C266B065}.Debug|x64.Deploy.0 = Debug|x64
		{600AE8BD-1971-4D5B-AF25-86E6C266B065}.Debug|x86.ActiveCfg = Debug|Win32
		{600AE8BD-1971-4D5B-AF25-86E6C266B065}.Debug|x86.Build.0 = Debug|Win32
		{600AE8BD-1971-4D5B-AF25-86E6C266B065}.Debug|x86.Deploy.0 = Debug|Win32
		{600AE8BD-1971-4D5B-AF25-86E6C266B065}.Release|ARM.ActiveCfg = Release|ARM
		{600AE8BD-1971-4D5B-AF25-86E6C266B065}.Release|ARM.Build.0 = Release|ARM
		{600AE8BD-1971-4D5B-AF25-86E6C266B065}.Release|ARM.Deploy.0 = Release|ARM
		{600AE8BD-1971-4D5B-AF25-86E6C266B065}.Release|ARM64.ActiveCfg = Release|ARM64
		{600AE8BD-1971-4D5B-AF25-86E6C266B065}.Release|ARM64.Build.0 = Release|ARM64
		{600AE8BD-1971-4D5B-AF25-86E6C266B065}.Release|ARM64.Deploy.0 = Release|ARM64
		{600AE8BD-1971-4D5B-AF25-86E6C266B065}.Release|x64.ActiveCfg = Release|x64
		{600AE8BD-1971-4D5B-AF25-86E6C266B065}.Release|x64.Build.0 = Release|x64
		{600AE8BD-1971-4D5B-AF25-86E6C266B065}.Release|x64.Deploy.0 = Release|x64
		{600AE8BD-1971-4D5B-AF25-86E6C266B065}.Release|x86.ActiveCfg = Release|Win32
		{600AE8BD-1971-4D5B-AF25-86E6C266B065}.Release|x86.Build.0 = Release|Win32
		{600AE8BD-1971-4D5B-AF25-86E6C266B065}.Release|x86.Deploy.0 = Release|Win32
	EndGlobalSection
	GlobalSection(SolutionProperties) = preSolution
		HideSolutionNode = FALSE
	EndGlobalSection
	GlobalSection(ExtensibilityGlobals) = postSolution
		SolutionGuid = {D908A6F4-FE24-452C-B620-EDD819F89DDC}
	EndGlobalSection
EndGlobal
